
Microsoft Visual Studio Solution File, Format Version 12.00
# Visual Studio Version 17
VisualStudioVersion = 17.9.34723.18
MinimumVisualStudioVersion = 10.0.40219.1
Project("{FAE04EC0-301F-11D3-BF4B-00C04F79EFBC}") = "PrimaveraLab1", "PrimaveraLab1.csproj", "{2FE8144F-EE48-491E-8D3C-7C8E55E90653}"
EndProject
Global
	GlobalSection(SolutionConfigurationPlatforms) = preSolution
		Debug|Any CPU = Debug|Any CPU
		Release|Any CPU = Release|Any CPU
	EndGlobalSection
	GlobalSection(ProjectConfigurationPlatforms) = postSolution
		{2FE8144F-EE48-491E-8D3C-7C8E55E90653}.Debug|Any CPU.ActiveCfg = Debug|Any CPU
		{2FE8144F-EE48-491E-8D3C-7C8E55E90653}.Debug|Any CPU.Build.0 = Debug|Any CPU
		{2FE8144F-EE48-491E-8D3C-7C8E55E90653}.Release|Any CPU.ActiveCfg = Release|Any CPU
		{2FE8144F-EE48-491E-8D3C-7C8E55E90653}.Release|Any CPU.Build.0 = Release|Any CPU
	EndGlobalSection
	GlobalSection(SolutionProperties) = preSolution
		HideSolutionNode = FALSE
	EndGlobalSection
	GlobalSection(ExtensibilityGlobals) = postSolution
		SolutionGuid = {BE8E2AC4-14E0-4222-9154-E56DB5A918E7}
	EndGlobalSection
EndGlobal
